
Microsoft Visual Studio Solution File, Format Version 12.00
Project("{FAE04EC0-301F-11D3-BF4B-00C04F79EFBC}") = "Messages", "Messages\Messages.csproj", "{CDF183B3-06AF-4B0F-A7B7-01CE91C836A7}"
EndProject
Project("{FAE04EC0-301F-11D3-BF4B-00C04F79EFBC}") = "Sender", "Sender\Sender.csproj", "{46FFF53B-911E-4516-9A9C-DF43CC5CEE55}"
EndProject
Project("{FAE04EC0-301F-11D3-BF4B-00C04F79EFBC}") = "Receiver", "Receiver\Receiver.csproj", "{603520D8-E986-403A-8D8B-9FE702B12EBB}"
EndProject
Global
	GlobalSection(SolutionConfigurationPlatforms) = preSolution
		Debug|Any CPU = Debug|Any CPU
		Release|Any CPU = Release|Any CPU
	EndGlobalSection
	GlobalSection(ProjectConfigurationPlatforms) = postSolution
		{CDF183B3-06AF-4B0F-A7B7-01CE91C836A7}.Debug|Any CPU.ActiveCfg = Debug|Any CPU
		{CDF183B3-06AF-4B0F-A7B7-01CE91C836A7}.Debug|Any CPU.Build.0 = Debug|Any CPU
		{CDF183B3-06AF-4B0F-A7B7-01CE91C836A7}.Release|Any CPU.ActiveCfg = Release|Any CPU
		{CDF183B3-06AF-4B0F-A7B7-01CE91C836A7}.Release|Any CPU.Build.0 = Release|Any CPU
		{46FFF53B-911E-4516-9A9C-DF43CC5CEE55}.Debug|Any CPU.ActiveCfg = Debug|Any CPU
		{46FFF53B-911E-4516-9A9C-DF43CC5CEE55}.Debug|Any CPU.Build.0 = Debug|Any CPU
		{46FFF53B-911E-4516-9A9C-DF43CC5CEE55}.Release|Any CPU.ActiveCfg = Release|Any CPU
		{46FFF53B-911E-4516-9A9C-DF43CC5CEE55}.Release|Any CPU.Build.0 = Release|Any CPU
		{603520D8-E986-403A-8D8B-9FE702B12EBB}.Debug|Any CPU.ActiveCfg = Debug|Any CPU
		{603520D8-E986-403A-8D8B-9FE702B12EBB}.Debug|Any CPU.Build.0 = Debug|Any CPU
		{603520D8-E986-403A-8D8B-9FE702B12EBB}.Release|Any CPU.ActiveCfg = Release|Any CPU
		{603520D8-E986-403A-8D8B-9FE702B12EBB}.Release|Any CPU.Build.0 = Release|Any CPU
	EndGlobalSection
EndGlobal
